
Microsoft Visual Studio Solution File, Format Version 12.00
# Visual Studio 15
Project("{FAE04EC0-301F-11D3-BF4B-00C04F79EFBC}") = "Assembly-CSharp-Editor", "Assembly-CSharp-Editor.csproj", "{D78CFA32-ACBB-18FA-EAFF-BE346DFC0AFB}"
EndProject
Project("{FAE04EC0-301F-11D3-BF4B-00C04F79EFBC}") = "Assembly-CSharp", "Assembly-CSharp.csproj", "{60FCD75F-677E-24BB-03BB-FBD7DDA8873B}"
EndProject
Global
	GlobalSection(SolutionConfigurationPlatforms) = preSolution
		Debug|Any CPU = Debug|Any CPU
		Release|Any CPU = Release|Any CPU
	EndGlobalSection
	GlobalSection(ProjectConfigurationPlatforms) = postSolution
		{D78CFA32-ACBB-18FA-EAFF-BE346DFC0AFB}.Debug|Any CPU.ActiveCfg = Debug|Any CPU
		{D78CFA32-ACBB-18FA-EAFF-BE346DFC0AFB}.Debug|Any CPU.Build.0 = Debug|Any CPU
		{D78CFA32-ACBB-18FA-EAFF-BE346DFC0AFB}.Release|Any CPU.ActiveCfg = Release|Any CPU
		{D78CFA32-ACBB-18FA-EAFF-BE346DFC0AFB}.Release|Any CPU.Build.0 = Release|Any CPU
		{60FCD75F-677E-24BB-03BB-FBD7DDA8873B}.Debug|Any CPU.ActiveCfg = Debug|Any CPU
		{60FCD75F-677E-24BB-03BB-FBD7DDA8873B}.Debug|Any CPU.Build.0 = Debug|Any CPU
		{60FCD75F-677E-24BB-03BB-FBD7DDA8873B}.Release|Any CPU.ActiveCfg = Release|Any CPU
		{60FCD75F-677E-24BB-03BB-FBD7DDA8873B}.Release|Any CPU.Build.0 = Release|Any CPU
	EndGlobalSection
	GlobalSection(SolutionProperties) = preSolution
		HideSolutionNode = FALSE
	EndGlobalSection
EndGlobal
